// !$*UTF8*$!
{
	archiveVersion = 1;
	classes = {
	};
	objectVersion = 46;
	objects = {

/* Begin PBXBuildFile section */
		C4F737371CE4234A00E3189B /* AppDelegate.swift in Sources */ = {isa = PBXBuildFile; fileRef = C4F737361CE4234A00E3189B /* AppDelegate.swift */; };
		C4F737391CE4234A00E3189B /* ViewController.swift in Sources */ = {isa = PBXBuildFile; fileRef = C4F737381CE4234A00E3189B /* ViewController.swift */; };
		C4F7373C1CE4234A00E3189B /* Main.storyboard in Resources */ = {isa = PBXBuildFile; fileRef = C4F7373A1CE4234A00E3189B /* Main.storyboard */; };
		C4F7373E1CE4234A00E3189B /* Assets.xcassets in Resources */ = {isa = PBXBuildFile; fileRef = C4F7373D1CE4234A00E3189B /* Assets.xcassets */; };
		C4F737411CE4234A00E3189B /* LaunchScreen.storyboard in Resources */ = {isa = PBXBuildFile; fileRef = C4F7373F1CE4234A00E3189B /* LaunchScreen.storyboard */; };
		C4F7374C1CE4234A00E3189B /* GeoTargetingTests.swift in Sources */ = {isa = PBXBuildFile; fileRef = C4F7374B1CE4234A00E3189B /* GeoTargetingTests.swift */; };
/* End PBXBuildFile section */

/* Begin PBXContainerItemProxy section */
		C4F737481CE4234A00E3189B /* PBXContainerItemProxy */ = {
			isa = PBXContainerItemProxy;
			containerPortal = C4F7372B1CE4234A00E3189B /* Project object */;
			proxyType = 1;
			remoteGlobalIDString = C4F737321CE4234A00E3189B;
			remoteInfo = GeoTargeting;
		};
/* End PBXContainerItemProxy section */

/* Begin PBXFileReference section */
		C4F737331CE4234A00E3189B /* GeoTargeting.app */ = {isa = PBXFileReference; explicitFileType = wrapper.application; includeInIndex = 0; path = GeoTargeting.app; sourceTree = BUILT_PRODUCTS_DIR; };
		C4F737361CE4234A00E3189B /* AppDelegate.swift */ = {isa = PBXFileReference; lastKnownFileType = sourcecode.swift; path = AppDelegate.swift; sourceTree = "<group>"; };
		C4F737381CE4234A00E3189B /* ViewController.swift */ = {isa = PBXFileReference; lastKnownFileType = sourcecode.swift; path = ViewController.swift; sourceTree = "<group>"; };
		C4F7373B1CE4234A00E3189B /* Base */ = {isa = PBXFileReference; lastKnownFileType = file.storyboard; name = Base; path = Base.lproj/Main.storyboard; sourceTree = "<group>"; };
		C4F7373D1CE4234A00E3189B /* Assets.xcassets */ = {isa = PBXFileReference; lastKnownFileType = folder.assetcatalog; path = Assets.xcassets; sourceTree = "<group>"; };
		C4F737401CE4234A00E3189B /* Base */ = {isa = PBXFileReference; lastKnownFileType = file.storyboard; name = Base; path = Base.lproj/LaunchScreen.storyboard; sourceTree = "<group>"; };
		C4F737421CE4234A00E3189B /* Info.plist */ = {isa = PBXFileReference; lastKnownFileType = text.plist.xml; path = Info.plist; sourceTree = "<group>"; };
		C4F737471CE4234A00E3189B /* GeoTargetingTests.xctest */ = {isa = PBXFileReference; explicitFileType = wrapper.cfbundle; includeInIndex = 0; path = GeoTargetingTests.xctest; sourceTree = BUILT_PRODUCTS_DIR; };
		C4F7374B1CE4234A00E3189B /* GeoTargetingTests.swift */ = {isa = PBXFileReference; lastKnownFileType = sourcecode.swift; path = GeoTargetingTests.swift; sourceTree = "<group>"; };
		C4F7374D1CE4234A00E3189B /* Info.plist */ = {isa = PBXFileReference; lastKnownFileType = text.plist.xml; path = Info.plist; sourceTree = "<group>"; };
/* End PBXFileReference section */

/* Begin PBXFrameworksBuildPhase section */
		C4F737301CE4234A00E3189B /* Frameworks */ = {
			isa = PBXFrameworksBuildPhase;
			buildActionMask = 2147483647;
			files = (
			);
			runOnlyForDeploymentPostprocessing = 0;
		};
		C4F737441CE4234A00E3189B /* Frameworks */ = {
			isa = PBXFrameworksBuildPhase;
			buildActionMask = 2147483647;
			files = (
			);
			runOnlyForDeploymentPostprocessing = 0;
		};
/* End PBXFrameworksBuildPhase section */

/* Begin PBXGroup section */
		C4F7372A1CE4234A00E3189B = {
			isa = PBXGroup;
			children = (
				C4F737351CE4234A00E3189B /* GeoTargeting */,
				C4F7374A1CE4234A00E3189B /* GeoTargetingTests */,
				C4F737341CE4234A00E3189B /* Products */,
			);
			sourceTree = "<group>";
		};
		C4F737341CE4234A00E3189B /* Products */ = {
			isa = PBXGroup;
			children = (
				C4F737331CE4234A00E3189B /* GeoTargeting.app */,
				C4F737471CE4234A00E3189B /* GeoTargetingTests.xctest */,
			);
			name = Products;
			sourceTree = "<group>";
		};
		C4F737351CE4234A00E3189B /* GeoTargeting */ = {
			isa = PBXGroup;
			children = (
				C4F737361CE4234A00E3189B /* AppDelegate.swift */,
				C4F737381CE4234A00E3189B /* ViewController.swift */,
				C4F7373A1CE4234A00E3189B /* Main.storyboard */,
				C4F7373D1CE4234A00E3189B /* Assets.xcassets */,
				C4F7373F1CE4234A00E3189B /* LaunchScreen.storyboard */,
				C4F737421CE4234A00E3189B /* Info.plist */,
			);
			path = GeoTargeting;
			sourceTree = "<group>";
		};
		C4F7374A1CE4234A00E3189B /* GeoTargetingTests */ = {
			isa = PBXGroup;
			children = (
				C4F7374B1CE4234A00E3189B /* GeoTargetingTests.swift */,
				C4F7374D1CE4234A00E3189B /* Info.plist */,
			);
			path = GeoTargetingTests;
			sourceTree = "<group>";
		};
/* End PBXGroup section */

/* Begin PBXNativeTarget section */
		C4F737321CE4234A00E3189B /* GeoTargeting */ = {
			isa = PBXNativeTarget;
			buildConfigurationList = C4F737501CE4234A00E3189B /* Build configuration list for PBXNativeTarget "GeoTargeting" */;
			buildPhases = (
				C4F7372F1CE4234A00E3189B /* Sources */,
				C4F737301CE4234A00E3189B /* Frameworks */,
				C4F737311CE4234A00E3189B /* Resources */,
			);
			buildRules = (
			);
			dependencies = (
			);
			name = GeoTargeting;
			productName = GeoTargeting;
			productReference = C4F737331CE4234A00E3189B /* GeoTargeting.app */;
			productType = "com.apple.product-type.application";
		};
		C4F737461CE4234A00E3189B /* GeoTargetingTests */ = {
			isa = PBXNativeTarget;
			buildConfigurationList = C4F737531CE4234A00E3189B /* Build configuration list for PBXNativeTarget "GeoTargetingTests" */;
			buildPhases = (
				C4F737431CE4234A00E3189B /* Sources */,
				C4F737441CE4234A00E3189B /* Frameworks */,
				C4F737451CE4234A00E3189B /* Resources */,
			);
			buildRules = (
			);
			dependencies = (
				C4F737491CE4234A00E3189B /* PBXTargetDependency */,
			);
			name = GeoTargetingTests;
			productName = GeoTargetingTests;
			productReference = C4F737471CE4234A00E3189B /* GeoTargetingTests.xctest */;
			productType = "com.apple.product-type.bundle.unit-test";
		};
/* End PBXNativeTarget section */

/* Begin PBXProject section */
		C4F7372B1CE4234A00E3189B /* Project object */ = {
			isa = PBXProject;
			attributes = {
				LastSwiftUpdateCheck = 0720;
				LastUpgradeCheck = 0720;
				ORGANIZATIONNAME = __company__;
				TargetAttributes = {
					C4F737321CE4234A00E3189B = {
						CreatedOnToolsVersion = 7.2;
					};
					C4F737461CE4234A00E3189B = {
						CreatedOnToolsVersion = 7.2;
						TestTargetID = C4F737321CE4234A00E3189B;
					};
				};
			};
			buildConfigurationList = C4F7372E1CE4234A00E3189B /* Build configuration list for PBXProject "GeoTargeting" */;
			compatibilityVersion = "Xcode 3.2";
			developmentRegion = English;
			hasScannedForEncodings = 0;
			knownRegions = (
				en,
				Base,
			);
			mainGroup = C4F7372A1CE4234A00E3189B;
			productRefGroup = C4F737341CE4234A00E3189B /* Products */;
			projectDirPath = "";
			projectRoot = "";
			targets = (
				C4F737321CE4234A00E3189B /* GeoTargeting */,
				C4F737461CE4234A00E3189B /* GeoTargetingTests */,
			);
		};
/* End PBXProject section */

/* Begin PBXResourcesBuildPhase section */
		C4F737311CE4234A00E3189B /* Resources */ = {
			isa = PBXResourcesBuildPhase;
			buildActionMask = 2147483647;
			files = (
				C4F737411CE4234A00E3189B /* LaunchScreen.storyboard in Resources */,
				C4F7373E1CE4234A00E3189B /* Assets.xcassets in Resources */,
				C4F7373C1CE4234A00E3189B /* Main.storyboard in Resources */,
			);
			runOnlyForDeploymentPostprocessing = 0;
		};
		C4F737451CE4234A00E3189B /* Resources */ = {
			isa = PBXResourcesBuildPhase;
			buildActionMask = 2147483647;
			files = (
			);
			runOnlyForDeploymentPostprocessing = 0;
		};
/* End PBXResourcesBuildPhase section */

/* Begin PBXSourcesBuildPhase section */
		C4F7372F1CE4234A00E3189B /* Sources */ = {
			isa = PBXSourcesBuildPhase;
			buildActionMask = 2147483647;
			files = (
				C4F737391CE4234A00E3189B /* ViewController.swift in Sources */,
				C4F737371CE4234A00E3189B /* AppDelegate.swift in Sources */,
			);
			runOnlyForDeploymentPostprocessing = 0;
		};
		C4F737431CE4234A00E3189B /* Sources */ = {
			isa = PBXSourcesBuildPhase;
			buildActionMask = 2147483647;
			files = (
				C4F7374C1CE4234A00E3189B /* GeoTargetingTests.swift in Sources */,
			);
			runOnlyForDeploymentPostprocessing = 0;
		};
/* End PBXSourcesBuildPhase section */

/* Begin PBXTargetDependency section */
		C4F737491CE4234A00E3189B /* PBXTargetDependency */ = {
			isa = PBXTargetDependency;
			target = C4F737321CE4234A00E3189B /* GeoTargeting */;
			targetProxy = C4F737481CE4234A00E3189B /* PBXContainerItemProxy */;
		};
/* End PBXTargetDependency section */

/* Begin PBXVariantGroup section */
		C4F7373A1CE4234A00E3189B /* Main.storyboard */ = {
			isa = PBXVariantGroup;
			children = (
				C4F7373B1CE4234A00E3189B /* Base */,
			);
			name = Main.storyboard;
			sourceTree = "<group>";
		};
		C4F7373F1CE4234A00E3189B /* LaunchScreen.storyboard */ = {
			isa = PBXVariantGroup;
			children = (
				C4F737401CE4234A00E3189B /* Base */,
			);
			name = LaunchScreen.storyboard;
			sourceTree = "<group>";
		};
/* End PBXVariantGroup section */

/* Begin XCBuildConfiguration section */
		C4F7374E1CE4234A00E3189B /* Debug */ = {
			isa = XCBuildConfiguration;
			buildSettings = {
				ALWAYS_SEARCH_USER_PATHS = NO;
				CLANG_CXX_LANGUAGE_STANDARD = "gnu++0x";
				CLANG_CXX_LIBRARY = "libc++";
				CLANG_ENABLE_MODULES = YES;
				CLANG_ENABLE_OBJC_ARC = YES;
				CLANG_WARN_BOOL_CONVERSION = YES;
				CLANG_WARN_CONSTANT_CONVERSION = YES;
				CLANG_WARN_DIRECT_OBJC_ISA_USAGE = YES_ERROR;
				CLANG_WARN_EMPTY_BODY = YES;
				CLANG_WARN_ENUM_CONVERSION = YES;
				CLANG_WARN_INT_CONVERSION = YES;
				CLANG_WARN_OBJC_ROOT_CLASS = YES_ERROR;
				CLANG_WARN_UNREACHABLE_CODE = YES;
				CLANG_WARN__DUPLICATE_METHOD_MATCH = YES;
				"CODE_SIGN_IDENTITY[sdk=iphoneos*]" = "iPhone Developer";
				COPY_PHASE_STRIP = NO;
				DEBUG_INFORMATION_FORMAT = dwarf;
				ENABLE_STRICT_OBJC_MSGSEND = YES;
				ENABLE_TESTABILITY = YES;
				GCC_C_LANGUAGE_STANDARD = gnu99;
				GCC_DYNAMIC_NO_PIC = NO;
				GCC_NO_COMMON_BLOCKS = YES;
				GCC_OPTIMIZATION_LEVEL = 0;
				GCC_PREPROCESSOR_DEFINITIONS = (
					"DEBUG=1",
					"$(inherited)",
				);
				GCC_WARN_64_TO_32_BIT_CONVERSION = YES;
				GCC_WARN_ABOUT_RETURN_TYPE = YES_ERROR;
				GCC_WARN_UNDECLARED_SELECTOR = YES;
				GCC_WARN_UNINITIALIZED_AUTOS = YES_AGGRESSIVE;
				GCC_WARN_UNUSED_FUNCTION = YES;
				GCC_WARN_UNUSED_VARIABLE = YES;
				IPHONEOS_DEPLOYMENT_TARGET = 9.2;
				MTL_ENABLE_DEBUG_INFO = YES;
				ONLY_ACTIVE_ARCH = YES;
				SDKROOT = iphoneos;
				SWIFT_OPTIMIZATION_LEVEL = "-Onone";
				TARGETED_DEVICE_FAMILY = "1,2";
			};
			name = Debug;
		};
		C4F7374F1CE4234A00E3189B /* Release */ = {
			isa = XCBuildConfiguration;
			buildSettings = {
				ALWAYS_SEARCH_USER_PATHS = NO;
				CLANG_CXX_LANGUAGE_STANDARD = "gnu++0x";
				CLANG_CXX_LIBRARY = "libc++";
				CLANG_ENABLE_MODULES = YES;
				CLANG_ENABLE_OBJC_ARC = YES;
				CLANG_WARN_BOOL_CONVERSION = YES;
				CLANG_WARN_CONSTANT_CONVERSION = YES;
				CLANG_WARN_DIRECT_OBJC_ISA_USAGE = YES_ERROR;
				CLANG_WARN_EMPTY_BODY = YES;
				CLANG_WARN_ENUM_CONVERSION = YES;
				CLANG_WARN_INT_CONVERSION = YES;
				CLANG_WARN_OBJC_ROOT_CLASS = YES_ERROR;
				CLANG_WARN_UNREACHABLE_CODE = YES;
				CLANG_WARN__DUPLICATE_METHOD_MATCH = YES;
				"CODE_SIGN_IDENTITY[sdk=iphoneos*]" = "iPhone Developer";
				COPY_PHASE_STRIP = NO;
				DEBUG_INFORMATION_FORMAT = "dwarf-with-dsym";
				ENABLE_NS_ASSERTIONS = NO;
				ENABLE_STRICT_OBJC_MSGSEND = YES;
				GCC_C_LANGUAGE_STANDARD = gnu99;
				GCC_NO_COMMON_BLOCKS = YES;
				GCC_WARN_64_TO_32_BIT_CONVERSION = YES;
				GCC_WARN_ABOUT_RETURN_TYPE = YES_ERROR;
				GCC_WARN_UNDECLARED_SELECTOR = YES;
				GCC_WARN_UNINITIALIZED_AUTOS = YES_AGGRESSIVE;
				GCC_WARN_UNUSED_FUNCTION = YES;
				GCC_WARN_UNUSED_VARIABLE = YES;
				IPHONEOS_DEPLOYMENT_TARGET = 9.2;
				MTL_ENABLE_DEBUG_INFO = NO;
				SDKROOT = iphoneos;
				TARGETED_DEVICE_FAMILY = "1,2";
				VALIDATE_PRODUCT = YES;
			};
			name = Release;
		};
		C4F737511CE4234A00E3189B /* Debug */ = {
			isa = XCBuildConfiguration;
			buildSettings = {
				ASSETCATALOG_COMPILER_APPICON_NAME = AppIcon;
				INFOPLIST_FILE = GeoTargeting/Info.plist;
				LD_RUNPATH_SEARCH_PATHS = "$(inherited) @executable_path/Frameworks";
				PRODUCT_BUNDLE_IDENTIFIER = com.bob.GeoTargeting;
				PRODUCT_NAME = "$(TARGET_NAME)";
			};
			name = Debug;
		};
		C4F737521CE4234A00E3189B /* Release */ = {
			isa = XCBuildConfiguration;
			buildSettings = {
				ASSETCATALOG_COMPILER_APPICON_NAME = AppIcon;
				INFOPLIST_FILE = GeoTargeting/Info.plist;
				LD_RUNPATH_SEARCH_PATHS = "$(inherited) @executable_path/Frameworks";
				PRODUCT_BUNDLE_IDENTIFIER = com.bob.GeoTargeting;
				PRODUCT_NAME = "$(TARGET_NAME)";
			};
			name = Release;
		};
		C4F737541CE4234A00E3189B /* Debug */ = {
			isa = XCBuildConfiguration;
			buildSettings = {
				BUNDLE_LOADER = "$(TEST_HOST)";
				INFOPLIST_FILE = GeoTargetingTests/Info.plist;
				LD_RUNPATH_SEARCH_PATHS = "$(inherited) @executable_path/Frameworks @loader_path/Frameworks";
				PRODUCT_BUNDLE_IDENTIFIER = com.bob.GeoTargetingTests;
				PRODUCT_NAME = "$(TARGET_NAME)";
				TEST_HOST = "$(BUILT_PRODUCTS_DIR)/GeoTargeting.app/GeoTargeting";
			};
			name = Debug;
		};
		C4F737551CE4234A00E3189B /* Release */ = {
			isa = XCBuildConfiguration;
			buildSettings = {
				BUNDLE_LOADER = "$(TEST_HOST)";
				INFOPLIST_FILE = GeoTargetingTests/Info.plist;
				LD_RUNPATH_SEARCH_PATHS = "$(inherited) @executable_path/Frameworks @loader_path/Frameworks";
				PRODUCT_BUNDLE_IDENTIFIER = com.bob.GeoTargetingTests;
				PRODUCT_NAME = "$(TARGET_NAME)";
				TEST_HOST = "$(BUILT_PRODUCTS_DIR)/GeoTargeting.app/GeoTargeting";
			};
			name = Release;
		};
/* End XCBuildConfiguration section */

/* Begin XCConfigurationList section */
		C4F7372E1CE4234A00E3189B /* Build configuration list for PBXProject "GeoTargeting" */ = {
			isa = XCConfigurationList;
			buildConfigurations = (
				C4F7374E1CE4234A00E3189B /* Debug */,
				C4F7374F1CE4234A00E3189B /* Release */,
			);
			defaultConfigurationIsVisible = 0;
			defaultConfigurationName = Release;
		};
		C4F737501CE4234A00E3189B /* Build configuration list for PBXNativeTarget "GeoTargeting" */ = {
			isa = XCConfigurationList;
			buildConfigurations = (
				C4F737511CE4234A00E3189B /* Debug */,
				C4F737521CE4234A00E3189B /* Release */,
			);
			defaultConfigurationIsVisible = 0;
		};
		C4F737531CE4234A00E3189B /* Build configuration list for PBXNativeTarget "GeoTargetingTests" */ = {
			isa = XCConfigurationList;
			buildConfigurations = (
				C4F737541CE4234A00E3189B /* Debug */,
				C4F737551CE4234A00E3189B /* Release */,
			);
			defaultConfigurationIsVisible = 0;
		};
/* End XCConfigurationList section */
	};
	rootObject = C4F7372B1CE4234A00E3189B /* Project object */;
}
