// !$*UTF8*$!
{
	archiveVersion = 1;
	classes = {
	};
	objectVersion = 46;
	objects = {

/* Begin PBXBuildFile section */
		C4F927981C8EA29B008FD716 /* AppDelegate.swift in Sources */ = {isa = PBXBuildFile; fileRef = C4F927971C8EA29B008FD716 /* AppDelegate.swift */; };
		C4F9279A1C8EA29B008FD716 /* ViewController.swift in Sources */ = {isa = PBXBuildFile; fileRef = C4F927991C8EA29B008FD716 /* ViewController.swift */; };
		C4F9279D1C8EA29B008FD716 /* Main.storyboard in Resources */ = {isa = PBXBuildFile; fileRef = C4F9279B1C8EA29B008FD716 /* Main.storyboard */; };
		C4F9279F1C8EA29B008FD716 /* Assets.xcassets in Resources */ = {isa = PBXBuildFile; fileRef = C4F9279E1C8EA29B008FD716 /* Assets.xcassets */; };
		C4F927A21C8EA29B008FD716 /* LaunchScreen.storyboard in Resources */ = {isa = PBXBuildFile; fileRef = C4F927A01C8EA29B008FD716 /* LaunchScreen.storyboard */; };
/* End PBXBuildFile section */

/* Begin PBXFileReference section */
		C4F927941C8EA29B008FD716 /* SwiftDemo2.app */ = {isa = PBXFileReference; explicitFileType = wrapper.application; includeInIndex = 0; path = SwiftDemo2.app; sourceTree = BUILT_PRODUCTS_DIR; };
		C4F927971C8EA29B008FD716 /* AppDelegate.swift */ = {isa = PBXFileReference; lastKnownFileType = sourcecode.swift; path = AppDelegate.swift; sourceTree = "<group>"; };
		C4F927991C8EA29B008FD716 /* ViewController.swift */ = {isa = PBXFileReference; lastKnownFileType = sourcecode.swift; path = ViewController.swift; sourceTree = "<group>"; };
		C4F9279C1C8EA29B008FD716 /* Base */ = {isa = PBXFileReference; lastKnownFileType = file.storyboard; name = Base; path = Base.lproj/Main.storyboard; sourceTree = "<group>"; };
		C4F9279E1C8EA29B008FD716 /* Assets.xcassets */ = {isa = PBXFileReference; lastKnownFileType = folder.assetcatalog; path = Assets.xcassets; sourceTree = "<group>"; };
		C4F927A11C8EA29B008FD716 /* Base */ = {isa = PBXFileReference; lastKnownFileType = file.storyboard; name = Base; path = Base.lproj/LaunchScreen.storyboard; sourceTree = "<group>"; };
		C4F927A31C8EA29B008FD716 /* Info.plist */ = {isa = PBXFileReference; lastKnownFileType = text.plist.xml; path = Info.plist; sourceTree = "<group>"; };
/* End PBXFileReference section */

/* Begin PBXFrameworksBuildPhase section */
		C4F927911C8EA29B008FD716 /* Frameworks */ = {
			isa = PBXFrameworksBuildPhase;
			buildActionMask = 2147483647;
			files = (
			);
			runOnlyForDeploymentPostprocessing = 0;
		};
/* End PBXFrameworksBuildPhase section */

/* Begin PBXGroup section */
		C4F9278B1C8EA29B008FD716 = {
			isa = PBXGroup;
			children = (
				C4F927961C8EA29B008FD716 /* SwiftDemo2 */,
				C4F927951C8EA29B008FD716 /* Products */,
			);
			sourceTree = "<group>";
		};
		C4F927951C8EA29B008FD716 /* Products */ = {
			isa = PBXGroup;
			children = (
				C4F927941C8EA29B008FD716 /* SwiftDemo2.app */,
			);
			name = Products;
			sourceTree = "<group>";
		};
		C4F927961C8EA29B008FD716 /* SwiftDemo2 */ = {
			isa = PBXGroup;
			children = (
				C4F927971C8EA29B008FD716 /* AppDelegate.swift */,
				C4F927991C8EA29B008FD716 /* ViewController.swift */,
				C4F9279B1C8EA29B008FD716 /* Main.storyboard */,
				C4F9279E1C8EA29B008FD716 /* Assets.xcassets */,
				C4F927A01C8EA29B008FD716 /* LaunchScreen.storyboard */,
				C4F927A31C8EA29B008FD716 /* Info.plist */,
			);
			path = SwiftDemo2;
			sourceTree = "<group>";
		};
/* End PBXGroup section */

/* Begin PBXNativeTarget section */
		C4F927931C8EA29B008FD716 /* SwiftDemo2 */ = {
			isa = PBXNativeTarget;
			buildConfigurationList = C4F927A61C8EA29B008FD716 /* Build configuration list for PBXNativeTarget "SwiftDemo2" */;
			buildPhases = (
				C4F927901C8EA29B008FD716 /* Sources */,
				C4F927911C8EA29B008FD716 /* Frameworks */,
				C4F927921C8EA29B008FD716 /* Resources */,
			);
			buildRules = (
			);
			dependencies = (
			);
			name = SwiftDemo2;
			productName = SwiftDemo2;
			productReference = C4F927941C8EA29B008FD716 /* SwiftDemo2.app */;
			productType = "com.apple.product-type.application";
		};
/* End PBXNativeTarget section */

/* Begin PBXProject section */
		C4F9278C1C8EA29B008FD716 /* Project object */ = {
			isa = PBXProject;
			attributes = {
				LastSwiftUpdateCheck = 0720;
				LastUpgradeCheck = 0720;
				ORGANIZATIONNAME = __company__;
				TargetAttributes = {
					C4F927931C8EA29B008FD716 = {
						CreatedOnToolsVersion = 7.2;
					};
				};
			};
			buildConfigurationList = C4F9278F1C8EA29B008FD716 /* Build configuration list for PBXProject "SwiftDemo2" */;
			compatibilityVersion = "Xcode 3.2";
			developmentRegion = English;
			hasScannedForEncodings = 0;
			knownRegions = (
				en,
				Base,
			);
			mainGroup = C4F9278B1C8EA29B008FD716;
			productRefGroup = C4F927951C8EA29B008FD716 /* Products */;
			projectDirPath = "";
			projectRoot = "";
			targets = (
				C4F927931C8EA29B008FD716 /* SwiftDemo2 */,
			);
		};
/* End PBXProject section */

/* Begin PBXResourcesBuildPhase section */
		C4F927921C8EA29B008FD716 /* Resources */ = {
			isa = PBXResourcesBuildPhase;
			buildActionMask = 2147483647;
			files = (
				C4F927A21C8EA29B008FD716 /* LaunchScreen.storyboard in Resources */,
				C4F9279F1C8EA29B008FD716 /* Assets.xcassets in Resources */,
				C4F9279D1C8EA29B008FD716 /* Main.storyboard in Resources */,
			);
			runOnlyForDeploymentPostprocessing = 0;
		};
/* End PBXResourcesBuildPhase section */

/* Begin PBXSourcesBuildPhase section */
		C4F927901C8EA29B008FD716 /* Sources */ = {
			isa = PBXSourcesBuildPhase;
			buildActionMask = 2147483647;
			files = (
				C4F9279A1C8EA29B008FD716 /* ViewController.swift in Sources */,
				C4F927981C8EA29B008FD716 /* AppDelegate.swift in Sources */,
			);
			runOnlyForDeploymentPostprocessing = 0;
		};
/* End PBXSourcesBuildPhase section */

/* Begin PBXVariantGroup section */
		C4F9279B1C8EA29B008FD716 /* Main.storyboard */ = {
			isa = PBXVariantGroup;
			children = (
				C4F9279C1C8EA29B008FD716 /* Base */,
			);
			name = Main.storyboard;
			sourceTree = "<group>";
		};
		C4F927A01C8EA29B008FD716 /* LaunchScreen.storyboard */ = {
			isa = PBXVariantGroup;
			children = (
				C4F927A11C8EA29B008FD716 /* Base */,
			);
			name = LaunchScreen.storyboard;
			sourceTree = "<group>";
		};
/* End PBXVariantGroup section */

/* Begin XCBuildConfiguration section */
		C4F927A41C8EA29B008FD716 /* Debug */ = {
			isa = XCBuildConfiguration;
			buildSettings = {
				ALWAYS_SEARCH_USER_PATHS = NO;
				CLANG_CXX_LANGUAGE_STANDARD = "gnu++0x";
				CLANG_CXX_LIBRARY = "libc++";
				CLANG_ENABLE_MODULES = YES;
				CLANG_ENABLE_OBJC_ARC = YES;
				CLANG_WARN_BOOL_CONVERSION = YES;
				CLANG_WARN_CONSTANT_CONVERSION = YES;
				CLANG_WARN_DIRECT_OBJC_ISA_USAGE = YES_ERROR;
				CLANG_WARN_EMPTY_BODY = YES;
				CLANG_WARN_ENUM_CONVERSION = YES;
				CLANG_WARN_INT_CONVERSION = YES;
				CLANG_WARN_OBJC_ROOT_CLASS = YES_ERROR;
				CLANG_WARN_UNREACHABLE_CODE = YES;
				CLANG_WARN__DUPLICATE_METHOD_MATCH = YES;
				"CODE_SIGN_IDENTITY[sdk=iphoneos*]" = "iPhone Developer";
				COPY_PHASE_STRIP = NO;
				DEBUG_INFORMATION_FORMAT = dwarf;
				ENABLE_STRICT_OBJC_MSGSEND = YES;
				ENABLE_TESTABILITY = YES;
				GCC_C_LANGUAGE_STANDARD = gnu99;
				GCC_DYNAMIC_NO_PIC = NO;
				GCC_NO_COMMON_BLOCKS = YES;
				GCC_OPTIMIZATION_LEVEL = 0;
				GCC_PREPROCESSOR_DEFINITIONS = (
					"DEBUG=1",
					"$(inherited)",
				);
				GCC_WARN_64_TO_32_BIT_CONVERSION = YES;
				GCC_WARN_ABOUT_RETURN_TYPE = YES_ERROR;
				GCC_WARN_UNDECLARED_SELECTOR = YES;
				GCC_WARN_UNINITIALIZED_AUTOS = YES_AGGRESSIVE;
				GCC_WARN_UNUSED_FUNCTION = YES;
				GCC_WARN_UNUSED_VARIABLE = YES;
				IPHONEOS_DEPLOYMENT_TARGET = 9.2;
				MTL_ENABLE_DEBUG_INFO = YES;
				ONLY_ACTIVE_ARCH = YES;
				SDKROOT = iphoneos;
				SWIFT_OPTIMIZATION_LEVEL = "-Onone";
				TARGETED_DEVICE_FAMILY = "1,2";
			};
			name = Debug;
		};
		C4F927A51C8EA29B008FD716 /* Release */ = {
			isa = XCBuildConfiguration;
			buildSettings = {
				ALWAYS_SEARCH_USER_PATHS = NO;
				CLANG_CXX_LANGUAGE_STANDARD = "gnu++0x";
				CLANG_CXX_LIBRARY = "libc++";
				CLANG_ENABLE_MODULES = YES;
				CLANG_ENABLE_OBJC_ARC = YES;
				CLANG_WARN_BOOL_CONVERSION = YES;
				CLANG_WARN_CONSTANT_CONVERSION = YES;
				CLANG_WARN_DIRECT_OBJC_ISA_USAGE = YES_ERROR;
				CLANG_WARN_EMPTY_BODY = YES;
				CLANG_WARN_ENUM_CONVERSION = YES;
				CLANG_WARN_INT_CONVERSION = YES;
				CLANG_WARN_OBJC_ROOT_CLASS = YES_ERROR;
				CLANG_WARN_UNREACHABLE_CODE = YES;
				CLANG_WARN__DUPLICATE_METHOD_MATCH = YES;
				"CODE_SIGN_IDENTITY[sdk=iphoneos*]" = "iPhone Developer";
				COPY_PHASE_STRIP = NO;
				DEBUG_INFORMATION_FORMAT = "dwarf-with-dsym";
				ENABLE_NS_ASSERTIONS = NO;
				ENABLE_STRICT_OBJC_MSGSEND = YES;
				GCC_C_LANGUAGE_STANDARD = gnu99;
				GCC_NO_COMMON_BLOCKS = YES;
				GCC_WARN_64_TO_32_BIT_CONVERSION = YES;
				GCC_WARN_ABOUT_RETURN_TYPE = YES_ERROR;
				GCC_WARN_UNDECLARED_SELECTOR = YES;
				GCC_WARN_UNINITIALIZED_AUTOS = YES_AGGRESSIVE;
				GCC_WARN_UNUSED_FUNCTION = YES;
				GCC_WARN_UNUSED_VARIABLE = YES;
				IPHONEOS_DEPLOYMENT_TARGET = 9.2;
				MTL_ENABLE_DEBUG_INFO = NO;
				SDKROOT = iphoneos;
				TARGETED_DEVICE_FAMILY = "1,2";
				VALIDATE_PRODUCT = YES;
			};
			name = Release;
		};
		C4F927A71C8EA29B008FD716 /* Debug */ = {
			isa = XCBuildConfiguration;
			buildSettings = {
				ASSETCATALOG_COMPILER_APPICON_NAME = AppIcon;
				INFOPLIST_FILE = SwiftDemo2/Info.plist;
				LD_RUNPATH_SEARCH_PATHS = "$(inherited) @executable_path/Frameworks";
				PRODUCT_BUNDLE_IDENTIFIER = com.example.SwiftDemo2;
				PRODUCT_NAME = "$(TARGET_NAME)";
			};
			name = Debug;
		};
		C4F927A81C8EA29B008FD716 /* Release */ = {
			isa = XCBuildConfiguration;
			buildSettings = {
				ASSETCATALOG_COMPILER_APPICON_NAME = AppIcon;
				INFOPLIST_FILE = SwiftDemo2/Info.plist;
				LD_RUNPATH_SEARCH_PATHS = "$(inherited) @executable_path/Frameworks";
				PRODUCT_BUNDLE_IDENTIFIER = com.example.SwiftDemo2;
				PRODUCT_NAME = "$(TARGET_NAME)";
			};
			name = Release;
		};
/* End XCBuildConfiguration section */

/* Begin XCConfigurationList section */
		C4F9278F1C8EA29B008FD716 /* Build configuration list for PBXProject "SwiftDemo2" */ = {
			isa = XCConfigurationList;
			buildConfigurations = (
				C4F927A41C8EA29B008FD716 /* Debug */,
				C4F927A51C8EA29B008FD716 /* Release */,
			);
			defaultConfigurationIsVisible = 0;
			defaultConfigurationName = Release;
		};
		C4F927A61C8EA29B008FD716 /* Build configuration list for PBXNativeTarget "SwiftDemo2" */ = {
			isa = XCConfigurationList;
			buildConfigurations = (
				C4F927A71C8EA29B008FD716 /* Debug */,
				C4F927A81C8EA29B008FD716 /* Release */,
			);
			defaultConfigurationIsVisible = 0;
		};
/* End XCConfigurationList section */
	};
	rootObject = C4F9278C1C8EA29B008FD716 /* Project object */;
}
